
Microsoft Visual Studio Solution File, Format Version 12.00
# Visual Studio Version 17
VisualStudioVersion = 17.8.34408.163
MinimumVisualStudioVersion = 10.0.40219.1
Project("{9A19103F-16F7-4668-BE54-9A1E7A4F7556}") = "Algorithms", "Algorithms\Algorithms.csproj", "{76101822-4F05-4DD2-8BE2-8537876FFF91}"
EndProject
Project("{9A19103F-16F7-4668-BE54-9A1E7A4F7556}") = "Algorithms.Tests", "Algorithms.Tests\Algorithms.Tests.csproj", "{050F44DE-F579-4CDC-8F20-1E19FB459245}"
EndProject
Global
	GlobalSection(SolutionConfigurationPlatforms) = preSolution
		Debug|Any CPU = Debug|Any CPU
		Release|Any CPU = Release|Any CPU
	EndGlobalSection
	GlobalSection(ProjectConfigurationPlatforms) = postSolution
		{76101822-4F05-4DD2-8BE2-8537876FFF91}.Debug|Any CPU.ActiveCfg = Debug|Any CPU
		{76101822-4F05-4DD2-8BE2-8537876FFF91}.Debug|Any CPU.Build.0 = Debug|Any CPU
		{76101822-4F05-4DD2-8BE2-8537876FFF91}.Release|Any CPU.ActiveCfg = Release|Any CPU
		{76101822-4F05-4DD2-8BE2-8537876FFF91}.Release|Any CPU.Build.0 = Release|Any CPU
		{050F44DE-F579-4CDC-8F20-1E19FB459245}.Debug|Any CPU.ActiveCfg = Debug|Any CPU
		{050F44DE-F579-4CDC-8F20-1E19FB459245}.Debug|Any CPU.Build.0 = Debug|Any CPU
		{050F44DE-F579-4CDC-8F20-1E19FB459245}.Release|Any CPU.ActiveCfg = Release|Any CPU
		{050F44DE-F579-4CDC-8F20-1E19FB459245}.Release|Any CPU.Build.0 = Release|Any CPU
	EndGlobalSection
	GlobalSection(SolutionProperties) = preSolution
		HideSolutionNode = FALSE
	EndGlobalSection
	GlobalSection(ExtensibilityGlobals) = postSolution
		SolutionGuid = {5166C6AF-00A8-49E4-827B-1513369A14DD}
	EndGlobalSection
EndGlobal
